// !$*UTF8*$!
{
	archiveVersion = 1;
	classes = {
	};
	objectVersion = 46;
	objects = {

/* Begin PBXBuildFile section */
		66000AAD14E741CC0004F786 /* Logo.png in Resources */ = {isa = PBXBuildFile; fileRef = 66000AAB14E741CC0004F786 /* Logo.png */; };
		66000AAE14E741CC0004F786 /* Sentinel Text Logo.png in Resources */ = {isa = PBXBuildFile; fileRef = 66000AAC14E741CC0004F786 /* Sentinel Text Logo.png */; };
		660F36CC14C8BEB600666214 /* Black Wood Background.png in Resources */ = {isa = PBXBuildFile; fileRef = 660F36C514C8BEB500666214 /* Black Wood Background.png */; };
		660F36CD14C8BEB600666214 /* Button Clicked.png in Resources */ = {isa = PBXBuildFile; fileRef = 660F36C614C8BEB500666214 /* Button Clicked.png */; };
		660F36CE14C8BEB600666214 /* Button.png in Resources */ = {isa = PBXBuildFile; fileRef = 660F36C714C8BEB500666214 /* Button.png */; };
		660F36CF14C8BEB600666214 /* Center Logo.png in Resources */ = {isa = PBXBuildFile; fileRef = 660F36C814C8BEB500666214 /* Center Logo.png */; };
		660F36D014C8BEB600666214 /* Header 1.png in Resources */ = {isa = PBXBuildFile; fileRef = 660F36C914C8BEB500666214 /* Header 1.png */; };
		660F36D114C8BEB600666214 /* School Info and Events.png in Resources */ = {isa = PBXBuildFile; fileRef = 660F36CA14C8BEB500666214 /* School Info and Events.png */; };
		660F36D214C8BEB600666214 /* Student Council.png in Resources */ = {isa = PBXBuildFile; fileRef = 660F36CB14C8BEB500666214 /* Student Council.png */; };
		660F36D614C8C0C000666214 /* HomePageViewController.m in Sources */ = {isa = PBXBuildFile; fileRef = 660F36D514C8C0C000666214 /* HomePageViewController.m */; };
		660F36DD14C8ECFB00666214 /* 33-cabinet.png in Resources */ = {isa = PBXBuildFile; fileRef = 660F36DC14C8ECFB00666214 /* 33-cabinet.png */; };
		660F36E314C8EEEA00666214 /* DocumentsViewController.m in Sources */ = {isa = PBXBuildFile; fileRef = 660F36E214C8EEEA00666214 /* DocumentsViewController.m */; };
		6612087314C9F97D003E3863 /* Documents-1.png in Resources */ = {isa = PBXBuildFile; fileRef = 6612086E14C9F97D003E3863 /* Documents-1.png */; };
		6612087414C9F97D003E3863 /* Documents-2.png in Resources */ = {isa = PBXBuildFile; fileRef = 6612086F14C9F97D003E3863 /* Documents-2.png */; };
		6612087514C9F97D003E3863 /* Documents-3.png in Resources */ = {isa = PBXBuildFile; fileRef = 6612087014C9F97D003E3863 /* Documents-3.png */; };
		6612087614C9F97D003E3863 /* Documents-4.png in Resources */ = {isa = PBXBuildFile; fileRef = 6612087114C9F97D003E3863 /* Documents-4.png */; };
		6612087714C9F97D003E3863 /* Documents-5.png in Resources */ = {isa = PBXBuildFile; fileRef = 6612087214C9F97D003E3863 /* Documents-5.png */; };
		6612087A14C9FC69003E3863 /* Document Background.png in Resources */ = {isa = PBXBuildFile; fileRef = 6612087914C9FC69003E3863 /* Document Background.png */; };
		6614A81014B902ED00091A14 /* 53-house.png in Resources */ = {isa = PBXBuildFile; fileRef = 6614A80F14B902ED00091A14 /* 53-house.png */; };
		6614A81814B9105100091A14 /* CouncilDetailViewController.m in Sources */ = {isa = PBXBuildFile; fileRef = 6614A81614B9105100091A14 /* CouncilDetailViewController.m */; };
		6614A81914B9105100091A14 /* CouncilDetailViewController.xib in Resources */ = {isa = PBXBuildFile; fileRef = 6614A81714B9105100091A14 /* CouncilDetailViewController.xib */; };
		66160ADA14C8F771009B809C /* Winter Gym Schedule.png in Resources */ = {isa = PBXBuildFile; fileRef = 66160AD514C8F771009B809C /* Winter Gym Schedule.png */; };
		66160ADB14C8F771009B809C /* Important Dates.png in Resources */ = {isa = PBXBuildFile; fileRef = 66160AD614C8F771009B809C /* Important Dates.png */; };
		66160ADC14C8F771009B809C /* Daily Time Table.png in Resources */ = {isa = PBXBuildFile; fileRef = 66160AD714C8F771009B809C /* Daily Time Table.png */; };
		66160ADD14C8F771009B809C /* course book.png in Resources */ = {isa = PBXBuildFile; fileRef = 66160AD814C8F771009B809C /* course book.png */; };
		66160ADE14C8F771009B809C /* Annual School Calendar.png in Resources */ = {isa = PBXBuildFile; fileRef = 66160AD914C8F771009B809C /* Annual School Calendar.png */; };
		661D09CC14B4E2A900C75B17 /* CouncilViewController.m in Sources */ = {isa = PBXBuildFile; fileRef = 661D09CB14B4E2A900C75B17 /* CouncilViewController.m */; };
		661D09CF14B4E44E00C75B17 /* 112-group.png in Resources */ = {isa = PBXBuildFile; fileRef = 661D09CE14B4E44E00C75B17 /* 112-group.png */; };
		661D09D114B683FC00C75B17 /* retinalogo.png in Resources */ = {isa = PBXBuildFile; fileRef = 661D09D014B683FC00C75B17 /* retinalogo.png */; };
		661D09D714B69CFC00C75B17 /* libTestFlight.a in Frameworks */ = {isa = PBXBuildFile; fileRef = 661D09D314B69CFC00C75B17 /* libTestFlight.a */; };
		661D09D814B69CFC00C75B17 /* README.txt in Resources */ = {isa = PBXBuildFile; fileRef = 661D09D414B69CFC00C75B17 /* README.txt */; };
		661D09D914B69CFC00C75B17 /* release_notes.txt in Resources */ = {isa = PBXBuildFile; fileRef = 661D09D514B69CFC00C75B17 /* release_notes.txt */; };
		6627D19714BA56CF00053EF3 /* apple-touch-icon copy.png in Resources */ = {isa = PBXBuildFile; fileRef = 6627D19614BA56CF00053EF3 /* apple-touch-icon copy.png */; };
		6627D19A14BA570E00053EF3 /* apple-touch-icon copy 2.png in Resources */ = {isa = PBXBuildFile; fileRef = 6627D19914BA570E00053EF3 /* apple-touch-icon copy 2.png */; };
		6627D19D14BA5C0A00053EF3 /* Location.m in Sources */ = {isa = PBXBuildFile; fileRef = 6627D19C14BA5C0A00053EF3 /* Location.m */; };
		6627D19F14BA605100053EF3 /* Home-Background-Textrured.png in Resources */ = {isa = PBXBuildFile; fileRef = 6627D19E14BA605100053EF3 /* Home-Background-Textrured.png */; };
		6627D1A114BA628900053EF3 /* HeaderLogo.png in Resources */ = {isa = PBXBuildFile; fileRef = 6627D1A014BA628900053EF3 /* HeaderLogo.png */; };
		662A7C89149AED4900406F04 /* MBProgressHUD.m in Sources */ = {isa = PBXBuildFile; fileRef = 662A7C88149AED4900406F04 /* MBProgressHUD.m */; settings = {COMPILER_FLAGS = "-fno-objc-arc"; }; };
		66490CE614CA031A00F99B89 /* Events-cell.png in Resources */ = {isa = PBXBuildFile; fileRef = 66490CE414CA031A00F99B89 /* Events-cell.png */; };
		66490CE714CA031A00F99B89 /* Home-arrow.png in Resources */ = {isa = PBXBuildFile; fileRef = 66490CE514CA031A00F99B89 /* Home-arrow.png */; };
		66490CEA14CA07ED00F99B89 /* Welcome-1.png in Resources */ = {isa = PBXBuildFile; fileRef = 66490CE914CA07ED00F99B89 /* Welcome-1.png */; };
		66490CEC14CA083000F99B89 /* Black Wood Background3.png in Resources */ = {isa = PBXBuildFile; fileRef = 66490CEB14CA083000F99B89 /* Black Wood Background3.png */; };
		66490CEE14CA08E100F99B89 /* Cell-Color-2.png in Resources */ = {isa = PBXBuildFile; fileRef = 66490CED14CA08E100F99B89 /* Cell-Color-2.png */; };
		66490CF014CA0B4100F99B89 /* Center Logo-2.png in Resources */ = {isa = PBXBuildFile; fileRef = 66490CEF14CA0B4100F99B89 /* Center Logo-2.png */; };
		6664556914AFF3A1009D0E87 /* WebsiteDetailViewController.m in Sources */ = {isa = PBXBuildFile; fileRef = 6664556714AFF3A1009D0E87 /* WebsiteDetailViewController.m */; };
		6664556A14AFF3A1009D0E87 /* WebsiteDetailViewController.xib in Resources */ = {isa = PBXBuildFile; fileRef = 6664556814AFF3A1009D0E87 /* WebsiteDetailViewController.xib */; };
		6664556F14AFFC15009D0E87 /* sd45app icon copy.png in Resources */ = {isa = PBXBuildFile; fileRef = 6664556E14AFFC15009D0E87 /* sd45app icon copy.png */; };
		6664557114AFFC6A009D0E87 /* Default.png in Resources */ = {isa = PBXBuildFile; fileRef = 6664557014AFFC6A009D0E87 /* Default.png */; };
		6664557514B260D0009D0E87 /* Entitlements.plist in Resources */ = {isa = PBXBuildFile; fileRef = 6664557414B260D0009D0E87 /* Entitlements.plist */; };
		6672721514B95EAC0017CEDE /* 07-map-marker.png in Resources */ = {isa = PBXBuildFile; fileRef = 6672721414B95EAC0017CEDE /* 07-map-marker.png */; };
		6672721814B95F430017CEDE /* MapViewController.m in Sources */ = {isa = PBXBuildFile; fileRef = 6672721714B95F430017CEDE /* MapViewController.m */; };
		6672721A14B961670017CEDE /* MapKit.framework in Frameworks */ = {isa = PBXBuildFile; fileRef = 6672721914B961670017CEDE /* MapKit.framework */; };
		66C6D3751491948C003C95DB /* UIKit.framework in Frameworks */ = {isa = PBXBuildFile; fileRef = 66C6D3741491948C003C95DB /* UIKit.framework */; };
		66C6D3771491948C003C95DB /* Foundation.framework in Frameworks */ = {isa = PBXBuildFile; fileRef = 66C6D3761491948C003C95DB /* Foundation.framework */; };
		66C6D3791491948C003C95DB /* CoreGraphics.framework in Frameworks */ = {isa = PBXBuildFile; fileRef = 66C6D3781491948C003C95DB /* CoreGraphics.framework */; };
		66C6D37F1491948C003C95DB /* InfoPlist.strings in Resources */ = {isa = PBXBuildFile; fileRef = 66C6D37D1491948C003C95DB /* InfoPlist.strings */; };
		66C6D3811491948C003C95DB /* main.m in Sources */ = {isa = PBXBuildFile; fileRef = 66C6D3801491948C003C95DB /* main.m */; };
		66C6D3851491948C003C95DB /* SentinelAppDelegate.m in Sources */ = {isa = PBXBuildFile; fileRef = 66C6D3841491948C003C95DB /* SentinelAppDelegate.m */; };
		66C6D3881491948C003C95DB /* MainStoryboard.storyboard in Resources */ = {isa = PBXBuildFile; fileRef = 66C6D3861491948C003C95DB /* MainStoryboard.storyboard */; };
		66C6D38D1491948C003C95DB /* first.png in Resources */ = {isa = PBXBuildFile; fileRef = 66C6D38C1491948C003C95DB /* first.png */; };
		66C6D38F1491948C003C95DB /* first@2x.png in Resources */ = {isa = PBXBuildFile; fileRef = 66C6D38E1491948C003C95DB /* first@2x.png */; };
		66C6D3941491948C003C95DB /* second.png in Resources */ = {isa = PBXBuildFile; fileRef = 66C6D3931491948C003C95DB /* second.png */; };
		66C6D3961491948C003C95DB /* second@2x.png in Resources */ = {isa = PBXBuildFile; fileRef = 66C6D3951491948C003C95DB /* second@2x.png */; };
		66C6D3A4149199D1003C95DB /* EventsViewController.m in Sources */ = {isa = PBXBuildFile; fileRef = 66C6D3A3149199D1003C95DB /* EventsViewController.m */; };
		66CBDB99149C274B004FE748 /* ASIAuthenticationDialog.m in Sources */ = {isa = PBXBuildFile; fileRef = 66CBDB86149C274B004FE748 /* ASIAuthenticationDialog.m */; settings = {COMPILER_FLAGS = "-fno-objc-arc"; }; };
		66CBDB9A149C274B004FE748 /* ASIDataCompressor.m in Sources */ = {isa = PBXBuildFile; fileRef = 66CBDB89149C274B004FE748 /* ASIDataCompressor.m */; settings = {COMPILER_FLAGS = "-fno-objc-arc"; }; };
		66CBDB9B149C274B004FE748 /* ASIDataDecompressor.m in Sources */ = {isa = PBXBuildFile; fileRef = 66CBDB8B149C274B004FE748 /* ASIDataDecompressor.m */; settings = {COMPILER_FLAGS = "-fno-objc-arc"; }; };
		66CBDB9C149C274B004FE748 /* ASIDownloadCache.m in Sources */ = {isa = PBXBuildFile; fileRef = 66CBDB8D149C274B004FE748 /* ASIDownloadCache.m */; settings = {COMPILER_FLAGS = "-fno-objc-arc"; }; };
		66CBDB9D149C274B004FE748 /* ASIFormDataRequest.m in Sources */ = {isa = PBXBuildFile; fileRef = 66CBDB8F149C274B004FE748 /* ASIFormDataRequest.m */; settings = {COMPILER_FLAGS = "-fno-objc-arc"; }; };
		66CBDB9E149C274B004FE748 /* ASIHTTPRequest.m in Sources */ = {isa = PBXBuildFile; fileRef = 66CBDB91149C274B004FE748 /* ASIHTTPRequest.m */; settings = {COMPILER_FLAGS = "-fno-objc-arc"; }; };
		66CBDB9F149C274B004FE748 /* ASIInputStream.m in Sources */ = {isa = PBXBuildFile; fileRef = 66CBDB95149C274B004FE748 /* ASIInputStream.m */; settings = {COMPILER_FLAGS = "-fno-objc-arc"; }; };
		66CBDBA0149C274B004FE748 /* ASINetworkQueue.m in Sources */ = {isa = PBXBuildFile; fileRef = 66CBDB97149C274B004FE748 /* ASINetworkQueue.m */; settings = {COMPILER_FLAGS = "-fno-objc-arc"; }; };
		66CBDBA3149C278C004FE748 /* Reachability.m in Sources */ = {isa = PBXBuildFile; fileRef = 66CBDBA2149C278C004FE748 /* Reachability.m */; settings = {COMPILER_FLAGS = "-fno-objc-arc"; }; };
		66CBDBA5149C27C3004FE748 /* CFNetwork.framework in Frameworks */ = {isa = PBXBuildFile; fileRef = 66CBDBA4149C27C3004FE748 /* CFNetwork.framework */; };
		66CBDBA7149C27CC004FE748 /* SystemConfiguration.framework in Frameworks */ = {isa = PBXBuildFile; fileRef = 66CBDBA6149C27CB004FE748 /* SystemConfiguration.framework */; };
		66CBDBA9149C27DA004FE748 /* MobileCoreServices.framework in Frameworks */ = {isa = PBXBuildFile; fileRef = 66CBDBA8149C27DA004FE748 /* MobileCoreServices.framework */; };
		66CBDBAB149C27E7004FE748 /* libz.dylib in Frameworks */ = {isa = PBXBuildFile; fileRef = 66CBDBAA149C27E7004FE748 /* libz.dylib */; };
		66CBDBAE149C2CD2004FE748 /* AnnouncementsViewController.m in Sources */ = {isa = PBXBuildFile; fileRef = 66CBDBAD149C2CD1004FE748 /* AnnouncementsViewController.m */; };
		66CBDBB2149C2DB1004FE748 /* 179-notepad.png in Resources */ = {isa = PBXBuildFile; fileRef = 66CBDBB1149C2DB1004FE748 /* 179-notepad.png */; };
		66CBDBB414A4463C004FE748 /* QuartzCore.framework in Frameworks */ = {isa = PBXBuildFile; fileRef = 66CBDBB314A4463C004FE748 /* QuartzCore.framework */; };
		66CBDBB714A44652004FE748 /* PullRefreshTableViewController.m in Sources */ = {isa = PBXBuildFile; fileRef = 66CBDBB614A44652004FE748 /* PullRefreshTableViewController.m */; settings = {COMPILER_FLAGS = "-fno-objc-arc"; }; };
		66CBDBB914A446BD004FE748 /* arrow.png in Resources */ = {isa = PBXBuildFile; fileRef = 66CBDBB814A446BD004FE748 /* arrow.png */; };
		66CBDBCA14A45523004FE748 /* EventsDetailViewController.m in Sources */ = {isa = PBXBuildFile; fileRef = 66CBDBC814A45523004FE748 /* EventsDetailViewController.m */; };
		66CBDBCB14A45523004FE748 /* EventsDetailViewController.xib in Resources */ = {isa = PBXBuildFile; fileRef = 66CBDBC914A45523004FE748 /* EventsDetailViewController.xib */; };
		66CE21EF14AD3D5100F6BF0D /* 83-calendar.png in Resources */ = {isa = PBXBuildFile; fileRef = 66CE21EE14AD3D5100F6BF0D /* 83-calendar.png */; };
		66CE21F214AD3D7600F6BF0D /* 66-microphone.png in Resources */ = {isa = PBXBuildFile; fileRef = 66CE21F114AD3D7600F6BF0D /* 66-microphone.png */; };
		66CE21F614AECD0300F6BF0D /* AnnouncementsDetailViewController.m in Sources */ = {isa = PBXBuildFile; fileRef = 66CE21F414AECD0300F6BF0D /* AnnouncementsDetailViewController.m */; };
		66CE21F714AECD0300F6BF0D /* AnnouncementsDetailViewController.xib in Resources */ = {isa = PBXBuildFile; fileRef = 66CE21F514AECD0300F6BF0D /* AnnouncementsDetailViewController.xib */; };
		66CE21FC14AF7F6800F6BF0D /* 111-user.png in Resources */ = {isa = PBXBuildFile; fileRef = 66CE21FB14AF7F6800F6BF0D /* 111-user.png */; };
		66CE21FE14AF804900F6BF0D /* Logo-SD45App.png in Resources */ = {isa = PBXBuildFile; fileRef = 66CE21FD14AF804900F6BF0D /* Logo-SD45App.png */; };
		66CE220014AF82A300F6BF0D /* 42-photos.png in Resources */ = {isa = PBXBuildFile; fileRef = 66CE21FF14AF82A300F6BF0D /* 42-photos.png */; };
		66CE220314AF855700F6BF0D /* WebsiteViewController.m in Sources */ = {isa = PBXBuildFile; fileRef = 66CE220214AF855700F6BF0D /* WebsiteViewController.m */; };
		66CE220514AF8E3100F6BF0D /* MessageUI.framework in Frameworks */ = {isa = PBXBuildFile; fileRef = 66CE220414AF8E3100F6BF0D /* MessageUI.framework */; };
		66CE220814AF8ED100F6BF0D /* FeedbackViewController.m in Sources */ = {isa = PBXBuildFile; fileRef = 66CE220714AF8ED100F6BF0D /* FeedbackViewController.m */; };
		66CE220A14AFD72500F6BF0D /* 18-envelope.png in Resources */ = {isa = PBXBuildFile; fileRef = 66CE220914AFD72500F6BF0D /* 18-envelope.png */; };
		D0152A1A14C29C7100D87C1D /* AudioToolbox.framework in Frameworks */ = {isa = PBXBuildFile; fileRef = D0152A1914C29C7100D87C1D /* AudioToolbox.framework */; };
		D0152A1C14C2A33C00D87C1D /* AVFoundation.framework in Frameworks */ = {isa = PBXBuildFile; fileRef = D0152A1B14C2A33C00D87C1D /* AVFoundation.framework */; };
		D0F55E4514C3D6FB00A0B425 /* Adam's Rendition of Bach.wav in Resources */ = {isa = PBXBuildFile; fileRef = D0F55E4414C3D6FB00A0B425 /* Adam's Rendition of Bach.wav */; };
/* End PBXBuildFile section */

/* Begin PBXFileReference section */
		66000AAB14E741CC0004F786 /* Logo.png */ = {isa = PBXFileReference; lastKnownFileType = image.png; path = Logo.png; sourceTree = "<group>"; };
		66000AAC14E741CC0004F786 /* Sentinel Text Logo.png */ = {isa = PBXFileReference; lastKnownFileType = image.png; path = "Sentinel Text Logo.png"; sourceTree = "<group>"; };
		660F36C514C8BEB500666214 /* Black Wood Background.png */ = {isa = PBXFileReference; lastKnownFileType = image.png; path = "Black Wood Background.png"; sourceTree = "<group>"; };
		660F36C614C8BEB500666214 /* Button Clicked.png */ = {isa = PBXFileReference; lastKnownFileType = image.png; path = "Button Clicked.png"; sourceTree = "<group>"; };
		660F36C714C8BEB500666214 /* Button.png */ = {isa = PBXFileReference; lastKnownFileType = image.png; path = Button.png; sourceTree = "<group>"; };
		660F36C814C8BEB500666214 /* Center Logo.png */ = {isa = PBXFileReference; lastKnownFileType = image.png; path = "Center Logo.png"; sourceTree = "<group>"; };
		660F36C914C8BEB500666214 /* Header 1.png */ = {isa = PBXFileReference; lastKnownFileType = image.png; path = "Header 1.png"; sourceTree = "<group>"; };
		660F36CA14C8BEB500666214 /* School Info and Events.png */ = {isa = PBXFileReference; lastKnownFileType = image.png; path = "School Info and Events.png"; sourceTree = "<group>"; };
		660F36CB14C8BEB500666214 /* Student Council.png */ = {isa = PBXFileReference; lastKnownFileType = image.png; path = "Student Council.png"; sourceTree = "<group>"; };
		660F36D414C8C0C000666214 /* HomePageViewController.h */ = {isa = PBXFileReference; fileEncoding = 4; lastKnownFileType = sourcecode.c.h; path = HomePageViewController.h; sourceTree = "<group>"; };
		660F36D514C8C0C000666214 /* HomePageViewController.m */ = {isa = PBXFileReference; fileEncoding = 4; lastKnownFileType = sourcecode.c.objc; path = HomePageViewController.m; sourceTree = "<group>"; };
		660F36DC14C8ECFB00666214 /* 33-cabinet.png */ = {isa = PBXFileReference; lastKnownFileType = image.png; path = "33-cabinet.png"; sourceTree = "<group>"; };
		660F36E114C8EEEA00666214 /* DocumentsViewController.h */ = {isa = PBXFileReference; fileEncoding = 4; lastKnownFileType = sourcecode.c.h; path = DocumentsViewController.h; sourceTree = "<group>"; };
		660F36E214C8EEEA00666214 /* DocumentsViewController.m */ = {isa = PBXFileReference; fileEncoding = 4; lastKnownFileType = sourcecode.c.objc; path = DocumentsViewController.m; sourceTree = "<group>"; };
		6612086E14C9F97D003E3863 /* Documents-1.png */ = {isa = PBXFileReference; lastKnownFileType = image.png; path = "Documents-1.png"; sourceTree = "<group>"; };
		6612086F14C9F97D003E3863 /* Documents-2.png */ = {isa = PBXFileReference; lastKnownFileType = image.png; path = "Documents-2.png"; sourceTree = "<group>"; };
		6612087014C9F97D003E3863 /* Documents-3.png */ = {isa = PBXFileReference; lastKnownFileType = image.png; path = "Documents-3.png"; sourceTree = "<group>"; };
		6612087114C9F97D003E3863 /* Documents-4.png */ = {isa = PBXFileReference; lastKnownFileType = image.png; path = "Documents-4.png"; sourceTree = "<group>"; };
		6612087214C9F97D003E3863 /* Documents-5.png */ = {isa = PBXFileReference; lastKnownFileType = image.png; path = "Documents-5.png"; sourceTree = "<group>"; };
		6612087914C9FC69003E3863 /* Document Background.png */ = {isa = PBXFileReference; lastKnownFileType = image.png; path = "Document Background.png"; sourceTree = "<group>"; };
		6614A80F14B902ED00091A14 /* 53-house.png */ = {isa = PBXFileReference; lastKnownFileType = image.png; path = "53-house.png"; sourceTree = "<group>"; };
		6614A81514B9105100091A14 /* CouncilDetailViewController.h */ = {isa = PBXFileReference; fileEncoding = 4; lastKnownFileType = sourcecode.c.h; path = CouncilDetailViewController.h; sourceTree = "<group>"; };
		6614A81614B9105100091A14 /* CouncilDetailViewController.m */ = {isa = PBXFileReference; fileEncoding = 4; lastKnownFileType = sourcecode.c.objc; path = CouncilDetailViewController.m; sourceTree = "<group>"; };
		6614A81714B9105100091A14 /* CouncilDetailViewController.xib */ = {isa = PBXFileReference; fileEncoding = 4; lastKnownFileType = file.xib; path = CouncilDetailViewController.xib; sourceTree = "<group>"; };
		66160AD514C8F771009B809C /* Winter Gym Schedule.png */ = {isa = PBXFileReference; lastKnownFileType = image.png; path = "Winter Gym Schedule.png"; sourceTree = "<group>"; };
		66160AD614C8F771009B809C /* Important Dates.png */ = {isa = PBXFileReference; lastKnownFileType = image.png; path = "Important Dates.png"; sourceTree = "<group>"; };
		66160AD714C8F771009B809C /* Daily Time Table.png */ = {isa = PBXFileReference; lastKnownFileType = image.png; path = "Daily Time Table.png"; sourceTree = "<group>"; };
		66160AD814C8F771009B809C /* course book.png */ = {isa = PBXFileReference; lastKnownFileType = image.png; path = "course book.png"; sourceTree = "<group>"; };
		66160AD914C8F771009B809C /* Annual School Calendar.png */ = {isa = PBXFileReference; lastKnownFileType = image.png; path = "Annual School Calendar.png"; sourceTree = "<group>"; };
		66160AE014C8FD9E009B809C /* rotation.txt */ = {isa = PBXFileReference; fileEncoding = 4; lastKnownFileType = text; path = rotation.txt; sourceTree = "<group>"; };
		661D09CA14B4E2A900C75B17 /* CouncilViewController.h */ = {isa = PBXFileReference; fileEncoding = 4; lastKnownFileType = sourcecode.c.h; path = CouncilViewController.h; sourceTree = "<group>"; };
		661D09CB14B4E2A900C75B17 /* CouncilViewController.m */ = {isa = PBXFileReference; fileEncoding = 4; lastKnownFileType = sourcecode.c.objc; path = CouncilViewController.m; sourceTree = "<group>"; };
		661D09CE14B4E44E00C75B17 /* 112-group.png */ = {isa = PBXFileReference; lastKnownFileType = image.png; path = "112-group.png"; sourceTree = "<group>"; };
		661D09D014B683FC00C75B17 /* retinalogo.png */ = {isa = PBXFileReference; lastKnownFileType = image.png; path = retinalogo.png; sourceTree = "<group>"; };
		661D09D314B69CFC00C75B17 /* libTestFlight.a */ = {isa = PBXFileReference; lastKnownFileType = archive.ar; path = libTestFlight.a; sourceTree = "<group>"; };
		661D09D414B69CFC00C75B17 /* README.txt */ = {isa = PBXFileReference; fileEncoding = 4; lastKnownFileType = text; path = README.txt; sourceTree = "<group>"; };
		661D09D514B69CFC00C75B17 /* release_notes.txt */ = {isa = PBXFileReference; fileEncoding = 4; lastKnownFileType = text; path = release_notes.txt; sourceTree = "<group>"; };
		661D09D614B69CFC00C75B17 /* TestFlight.h */ = {isa = PBXFileReference; fileEncoding = 4; lastKnownFileType = sourcecode.c.h; path = TestFlight.h; sourceTree = "<group>"; };
		6627D19614BA56CF00053EF3 /* apple-touch-icon copy.png */ = {isa = PBXFileReference; lastKnownFileType = image.png; path = "apple-touch-icon copy.png"; sourceTree = "<group>"; };
		6627D19914BA570E00053EF3 /* apple-touch-icon copy 2.png */ = {isa = PBXFileReference; lastKnownFileType = image.png; path = "apple-touch-icon copy 2.png"; sourceTree = "<group>"; };
		6627D19B14BA5C0A00053EF3 /* Location.h */ = {isa = PBXFileReference; fileEncoding = 4; lastKnownFileType = sourcecode.c.h; path = Location.h; sourceTree = "<group>"; };
		6627D19C14BA5C0A00053EF3 /* Location.m */ = {isa = PBXFileReference; fileEncoding = 4; lastKnownFileType = sourcecode.c.objc; path = Location.m; sourceTree = "<group>"; };
		6627D19E14BA605100053EF3 /* Home-Background-Textrured.png */ = {isa = PBXFileReference; lastKnownFileType = image.png; path = "Home-Background-Textrured.png"; sourceTree = "<group>"; };
		6627D1A014BA628900053EF3 /* HeaderLogo.png */ = {isa = PBXFileReference; lastKnownFileType = image.png; path = HeaderLogo.png; sourceTree = "<group>"; };
		662A7C87149AED4900406F04 /* MBProgressHUD.h */ = {isa = PBXFileReference; fileEncoding = 4; lastKnownFileType = sourcecode.c.h; path = MBProgressHUD.h; sourceTree = "<group>"; };
		662A7C88149AED4900406F04 /* MBProgressHUD.m */ = {isa = PBXFileReference; fileEncoding = 4; lastKnownFileType = sourcecode.c.objc; path = MBProgressHUD.m; sourceTree = "<group>"; };
		66490CE414CA031A00F99B89 /* Events-cell.png */ = {isa = PBXFileReference; lastKnownFileType = image.png; path = "Events-cell.png"; sourceTree = "<group>"; };
		66490CE514CA031A00F99B89 /* Home-arrow.png */ = {isa = PBXFileReference; lastKnownFileType = image.png; path = "Home-arrow.png"; sourceTree = "<group>"; };
		66490CE914CA07ED00F99B89 /* Welcome-1.png */ = {isa = PBXFileReference; lastKnownFileType = image.png; path = "Welcome-1.png"; sourceTree = "<group>"; };
		66490CEB14CA083000F99B89 /* Black Wood Background3.png */ = {isa = PBXFileReference; lastKnownFileType = image.png; path = "Black Wood Background3.png"; sourceTree = "<group>"; };
		66490CED14CA08E100F99B89 /* Cell-Color-2.png */ = {isa = PBXFileReference; lastKnownFileType = image.png; path = "Cell-Color-2.png"; sourceTree = "<group>"; };
		66490CEF14CA0B4100F99B89 /* Center Logo-2.png */ = {isa = PBXFileReference; lastKnownFileType = image.png; path = "Center Logo-2.png"; sourceTree = "<group>"; };
		6664556614AFF3A1009D0E87 /* WebsiteDetailViewController.h */ = {isa = PBXFileReference; fileEncoding = 4; lastKnownFileType = sourcecode.c.h; path = WebsiteDetailViewController.h; sourceTree = "<group>"; };
		6664556714AFF3A1009D0E87 /* WebsiteDetailViewController.m */ = {isa = PBXFileReference; fileEncoding = 4; lastKnownFileType = sourcecode.c.objc; path = WebsiteDetailViewController.m; sourceTree = "<group>"; };
		6664556814AFF3A1009D0E87 /* WebsiteDetailViewController.xib */ = {isa = PBXFileReference; fileEncoding = 4; lastKnownFileType = file.xib; path = WebsiteDetailViewController.xib; sourceTree = "<group>"; };
		6664556E14AFFC15009D0E87 /* sd45app icon copy.png */ = {isa = PBXFileReference; lastKnownFileType = image.png; path = "sd45app icon copy.png"; sourceTree = "<group>"; };
		6664557014AFFC6A009D0E87 /* Default.png */ = {isa = PBXFileReference; lastKnownFileType = image.png; path = Default.png; sourceTree = "<group>"; };
		6664557414B260D0009D0E87 /* Entitlements.plist */ = {isa = PBXFileReference; fileEncoding = 4; lastKnownFileType = text.plist.xml; path = Entitlements.plist; sourceTree = "<group>"; };
		6672721414B95EAC0017CEDE /* 07-map-marker.png */ = {isa = PBXFileReference; lastKnownFileType = image.png; path = "07-map-marker.png"; sourceTree = "<group>"; };
		6672721614B95F420017CEDE /* MapViewController.h */ = {isa = PBXFileReference; fileEncoding = 4; lastKnownFileType = sourcecode.c.h; path = MapViewController.h; sourceTree = "<group>"; };
		6672721714B95F430017CEDE /* MapViewController.m */ = {isa = PBXFileReference; fileEncoding = 4; lastKnownFileType = sourcecode.c.objc; path = MapViewController.m; sourceTree = "<group>"; };
		6672721914B961670017CEDE /* MapKit.framework */ = {isa = PBXFileReference; lastKnownFileType = wrapper.framework; name = MapKit.framework; path = System/Library/Frameworks/MapKit.framework; sourceTree = SDKROOT; };
		66C6D3701491948C003C95DB /* Sentinel.app */ = {isa = PBXFileReference; explicitFileType = wrapper.application; includeInIndex = 0; path = Sentinel.app; sourceTree = BUILT_PRODUCTS_DIR; };
		66C6D3741491948C003C95DB /* UIKit.framework */ = {isa = PBXFileReference; lastKnownFileType = wrapper.framework; name = UIKit.framework; path = System/Library/Frameworks/UIKit.framework; sourceTree = SDKROOT; };
		66C6D3761491948C003C95DB /* Foundation.framework */ = {isa = PBXFileReference; lastKnownFileType = wrapper.framework; name = Foundation.framework; path = System/Library/Frameworks/Foundation.framework; sourceTree = SDKROOT; };
		66C6D3781491948C003C95DB /* CoreGraphics.framework */ = {isa = PBXFileReference; lastKnownFileType = wrapper.framework; name = CoreGraphics.framework; path = System/Library/Frameworks/CoreGraphics.framework; sourceTree = SDKROOT; };
		66C6D37C1491948C003C95DB /* Sentinel-Info.plist */ = {isa = PBXFileReference; lastKnownFileType = text.plist.xml; path = "Sentinel-Info.plist"; sourceTree = "<group>"; };
		66C6D37E1491948C003C95DB /* en */ = {isa = PBXFileReference; lastKnownFileType = text.plist.strings; name = en; path = en.lproj/InfoPlist.strings; sourceTree = "<group>"; };
		66C6D3801491948C003C95DB /* main.m */ = {isa = PBXFileReference; lastKnownFileType = sourcecode.c.objc; path = main.m; sourceTree = "<group>"; };
		66C6D3821491948C003C95DB /* Sentinel-Prefix.pch */ = {isa = PBXFileReference; lastKnownFileType = sourcecode.c.h; path = "Sentinel-Prefix.pch"; sourceTree = "<group>"; };
		66C6D3831491948C003C95DB /* SentinelAppDelegate.h */ = {isa = PBXFileReference; lastKnownFileType = sourcecode.c.h; path = SentinelAppDelegate.h; sourceTree = "<group>"; };
		66C6D3841491948C003C95DB /* SentinelAppDelegate.m */ = {isa = PBXFileReference; lastKnownFileType = sourcecode.c.objc; path = SentinelAppDelegate.m; sourceTree = "<group>"; };
		66C6D3871491948C003C95DB /* en */ = {isa = PBXFileReference; lastKnownFileType = file.storyboard; name = en; path = en.lproj/MainStoryboard.storyboard; sourceTree = "<group>"; };
		66C6D38C1491948C003C95DB /* first.png */ = {isa = PBXFileReference; lastKnownFileType = image.png; path = first.png; sourceTree = "<group>"; };
		66C6D38E1491948C003C95DB /* first@2x.png */ = {isa = PBXFileReference; lastKnownFileType = image.png; path = "first@2x.png"; sourceTree = "<group>"; };
		66C6D3931491948C003C95DB /* second.png */ = {isa = PBXFileReference; lastKnownFileType = image.png; path = second.png; sourceTree = "<group>"; };
		66C6D3951491948C003C95DB /* second@2x.png */ = {isa = PBXFileReference; lastKnownFileType = image.png; path = "second@2x.png"; sourceTree = "<group>"; };
		66C6D3A2149199D1003C95DB /* EventsViewController.h */ = {isa = PBXFileReference; fileEncoding = 4; lastKnownFileType = sourcecode.c.h; path = EventsViewController.h; sourceTree = "<group>"; };
		66C6D3A3149199D1003C95DB /* EventsViewController.m */ = {isa = PBXFileReference; fileEncoding = 4; lastKnownFileType = sourcecode.c.objc; path = EventsViewController.m; sourceTree = "<group>"; };
		66CBDB85149C274B004FE748 /* ASIAuthenticationDialog.h */ = {isa = PBXFileReference; fileEncoding = 4; lastKnownFileType = sourcecode.c.h; path = ASIAuthenticationDialog.h; sourceTree = "<group>"; };
		66CBDB86149C274B004FE748 /* ASIAuthenticationDialog.m */ = {isa = PBXFileReference; fileEncoding = 4; lastKnownFileType = sourcecode.c.objc; path = ASIAuthenticationDialog.m; sourceTree = "<group>"; };
		66CBDB87149C274B004FE748 /* ASICacheDelegate.h */ = {isa = PBXFileReference; fileEncoding = 4; lastKnownFileType = sourcecode.c.h; path = ASICacheDelegate.h; sourceTree = "<group>"; };
		66CBDB88149C274B004FE748 /* ASIDataCompressor.h */ = {isa = PBXFileReference; fileEncoding = 4; lastKnownFileType = sourcecode.c.h; path = ASIDataCompressor.h; sourceTree = "<group>"; };
		66CBDB89149C274B004FE748 /* ASIDataCompressor.m */ = {isa = PBXFileReference; fileEncoding = 4; lastKnownFileType = sourcecode.c.objc; path = ASIDataCompressor.m; sourceTree = "<group>"; };
		66CBDB8A149C274B004FE748 /* ASIDataDecompressor.h */ = {isa = PBXFileReference; fileEncoding = 4; lastKnownFileType = sourcecode.c.h; path = ASIDataDecompressor.h; sourceTree = "<group>"; };
		66CBDB8B149C274B004FE748 /* ASIDataDecompressor.m */ = {isa = PBXFileReference; fileEncoding = 4; lastKnownFileType = sourcecode.c.objc; path = ASIDataDecompressor.m; sourceTree = "<group>"; };
		66CBDB8C149C274B004FE748 /* ASIDownloadCache.h */ = {isa = PBXFileReference; fileEncoding = 4; lastKnownFileType = sourcecode.c.h; path = ASIDownloadCache.h; sourceTree = "<group>"; };
		66CBDB8D149C274B004FE748 /* ASIDownloadCache.m */ = {isa = PBXFileReference; fileEncoding = 4; lastKnownFileType = sourcecode.c.objc; path = ASIDownloadCache.m; sourceTree = "<group>"; };
		66CBDB8E149C274B004FE748 /* ASIFormDataRequest.h */ = {isa = PBXFileReference; fileEncoding = 4; lastKnownFileType = sourcecode.c.h; path = ASIFormDataRequest.h; sourceTree = "<group>"; };
		66CBDB8F149C274B004FE748 /* ASIFormDataRequest.m */ = {isa = PBXFileReference; fileEncoding = 4; lastKnownFileType = sourcecode.c.objc; path = ASIFormDataRequest.m; sourceTree = "<group>"; };
		66CBDB90149C274B004FE748 /* ASIHTTPRequest.h */ = {isa = PBXFileReference; fileEncoding = 4; lastKnownFileType = sourcecode.c.h; path = ASIHTTPRequest.h; sourceTree = "<group>"; };
		66CBDB91149C274B004FE748 /* ASIHTTPRequest.m */ = {isa = PBXFileReference; fileEncoding = 4; lastKnownFileType = sourcecode.c.objc; path = ASIHTTPRequest.m; sourceTree = "<group>"; };
		66CBDB92149C274B004FE748 /* ASIHTTPRequestConfig.h */ = {isa = PBXFileReference; fileEncoding = 4; lastKnownFileType = sourcecode.c.h; path = ASIHTTPRequestConfig.h; sourceTree = "<group>"; };
		66CBDB93149C274B004FE748 /* ASIHTTPRequestDelegate.h */ = {isa = PBXFileReference; fileEncoding = 4; lastKnownFileType = sourcecode.c.h; path = ASIHTTPRequestDelegate.h; sourceTree = "<group>"; };
		66CBDB94149C274B004FE748 /* ASIInputStream.h */ = {isa = PBXFileReference; fileEncoding = 4; lastKnownFileType = sourcecode.c.h; path = ASIInputStream.h; sourceTree = "<group>"; };
		66CBDB95149C274B004FE748 /* ASIInputStream.m */ = {isa = PBXFileReference; fileEncoding = 4; lastKnownFileType = sourcecode.c.objc; path = ASIInputStream.m; sourceTree = "<group>"; };
		66CBDB96149C274B004FE748 /* ASINetworkQueue.h */ = {isa = PBXFileReference; fileEncoding = 4; lastKnownFileType = sourcecode.c.h; path = ASINetworkQueue.h; sourceTree = "<group>"; };
		66CBDB97149C274B004FE748 /* ASINetworkQueue.m */ = {isa = PBXFileReference; fileEncoding = 4; lastKnownFileType = sourcecode.c.objc; path = ASINetworkQueue.m; sourceTree = "<group>"; };
		66CBDB98149C274B004FE748 /* ASIProgressDelegate.h */ = {isa = PBXFileReference; fileEncoding = 4; lastKnownFileType = sourcecode.c.h; path = ASIProgressDelegate.h; sourceTree = "<group>"; };
		66CBDBA1149C278C004FE748 /* Reachability.h */ = {isa = PBXFileReference; fileEncoding = 4; lastKnownFileType = sourcecode.c.h; path = Reachability.h; sourceTree = "<group>"; };
		66CBDBA2149C278C004FE748 /* Reachability.m */ = {isa = PBXFileReference; fileEncoding = 4; lastKnownFileType = sourcecode.c.objc; path = Reachability.m; sourceTree = "<group>"; };
		66CBDBA4149C27C3004FE748 /* CFNetwork.framework */ = {isa = PBXFileReference; lastKnownFileType = wrapper.framework; name = CFNetwork.framework; path = System/Library/Frameworks/CFNetwork.framework; sourceTree = SDKROOT; };
		66CBDBA6149C27CB004FE748 /* SystemConfiguration.framework */ = {isa = PBXFileReference; lastKnownFileType = wrapper.framework; name = SystemConfiguration.framework; path = System/Library/Frameworks/SystemConfiguration.framework; sourceTree = SDKROOT; };
		66CBDBA8149C27DA004FE748 /* MobileCoreServices.framework */ = {isa = PBXFileReference; lastKnownFileType = wrapper.framework; name = MobileCoreServices.framework; path = System/Library/Frameworks/MobileCoreServices.framework; sourceTree = SDKROOT; };
		66CBDBAA149C27E7004FE748 /* libz.dylib */ = {isa = PBXFileReference; lastKnownFileType = "compiled.mach-o.dylib"; name = libz.dylib; path = usr/lib/libz.dylib; sourceTree = SDKROOT; };
		66CBDBAC149C2CD1004FE748 /* AnnouncementsViewController.h */ = {isa = PBXFileReference; fileEncoding = 4; lastKnownFileType = sourcecode.c.h; path = AnnouncementsViewController.h; sourceTree = "<group>"; };
		66CBDBAD149C2CD1004FE748 /* AnnouncementsViewController.m */ = {isa = PBXFileReference; fileEncoding = 4; lastKnownFileType = sourcecode.c.objc; path = AnnouncementsViewController.m; sourceTree = "<group>"; };
		66CBDBB1149C2DB1004FE748 /* 179-notepad.png */ = {isa = PBXFileReference; lastKnownFileType = image.png; name = "179-notepad.png"; path = "Sentinel/179-notepad.png"; sourceTree = SOURCE_ROOT; };
		66CBDBB314A4463C004FE748 /* QuartzCore.framework */ = {isa = PBXFileReference; lastKnownFileType = wrapper.framework; name = QuartzCore.framework; path = System/Library/Frameworks/QuartzCore.framework; sourceTree = SDKROOT; };
		66CBDBB514A44652004FE748 /* PullRefreshTableViewController.h */ = {isa = PBXFileReference; fileEncoding = 4; lastKnownFileType = sourcecode.c.h; path = PullRefreshTableViewController.h; sourceTree = "<group>"; };
		66CBDBB614A44652004FE748 /* PullRefreshTableViewController.m */ = {isa = PBXFileReference; fileEncoding = 4; lastKnownFileType = sourcecode.c.objc; path = PullRefreshTableViewController.m; sourceTree = "<group>"; };
		66CBDBB814A446BD004FE748 /* arrow.png */ = {isa = PBXFileReference; lastKnownFileType = image.png; path = arrow.png; sourceTree = "<group>"; };
		66CBDBC714A45523004FE748 /* EventsDetailViewController.h */ = {isa = PBXFileReference; fileEncoding = 4; lastKnownFileType = sourcecode.c.h; path = EventsDetailViewController.h; sourceTree = "<group>"; };
		66CBDBC814A45523004FE748 /* EventsDetailViewController.m */ = {isa = PBXFileReference; fileEncoding = 4; lastKnownFileType = sourcecode.c.objc; path = EventsDetailViewController.m; sourceTree = "<group>"; };
		66CBDBC914A45523004FE748 /* EventsDetailViewController.xib */ = {isa = PBXFileReference; fileEncoding = 4; lastKnownFileType = file.xib; path = EventsDetailViewController.xib; sourceTree = "<group>"; };
		66CE21EE14AD3D5100F6BF0D /* 83-calendar.png */ = {isa = PBXFileReference; lastKnownFileType = image.png; path = "83-calendar.png"; sourceTree = "<group>"; };
		66CE21F114AD3D7600F6BF0D /* 66-microphone.png */ = {isa = PBXFileReference; lastKnownFileType = image.png; path = "66-microphone.png"; sourceTree = "<group>"; };
		66CE21F314AECD0300F6BF0D /* AnnouncementsDetailViewController.h */ = {isa = PBXFileReference; fileEncoding = 4; lastKnownFileType = sourcecode.c.h; path = AnnouncementsDetailViewController.h; sourceTree = "<group>"; };
		66CE21F414AECD0300F6BF0D /* AnnouncementsDetailViewController.m */ = {isa = PBXFileReference; fileEncoding = 4; lastKnownFileType = sourcecode.c.objc; path = AnnouncementsDetailViewController.m; sourceTree = "<group>"; };
		66CE21F514AECD0300F6BF0D /* AnnouncementsDetailViewController.xib */ = {isa = PBXFileReference; fileEncoding = 4; lastKnownFileType = file.xib; path = AnnouncementsDetailViewController.xib; sourceTree = "<group>"; };
		66CE21FB14AF7F6800F6BF0D /* 111-user.png */ = {isa = PBXFileReference; lastKnownFileType = image.png; path = "111-user.png"; sourceTree = "<group>"; };
		66CE21FD14AF804900F6BF0D /* Logo-SD45App.png */ = {isa = PBXFileReference; lastKnownFileType = image.png; path = "Logo-SD45App.png"; sourceTree = "<group>"; };
		66CE21FF14AF82A300F6BF0D /* 42-photos.png */ = {isa = PBXFileReference; lastKnownFileType = image.png; path = "42-photos.png"; sourceTree = "<group>"; };
		66CE220114AF855700F6BF0D /* WebsiteViewController.h */ = {isa = PBXFileReference; fileEncoding = 4; lastKnownFileType = sourcecode.c.h; path = WebsiteViewController.h; sourceTree = "<group>"; };
		66CE220214AF855700F6BF0D /* WebsiteViewController.m */ = {isa = PBXFileReference; fileEncoding = 4; lastKnownFileType = sourcecode.c.objc; path = WebsiteViewController.m; sourceTree = "<group>"; };
		66CE220414AF8E3100F6BF0D /* MessageUI.framework */ = {isa = PBXFileReference; lastKnownFileType = wrapper.framework; name = MessageUI.framework; path = System/Library/Frameworks/MessageUI.framework; sourceTree = SDKROOT; };
		66CE220614AF8ED100F6BF0D /* FeedbackViewController.h */ = {isa = PBXFileReference; fileEncoding = 4; lastKnownFileType = sourcecode.c.h; path = FeedbackViewController.h; sourceTree = "<group>"; };
		66CE220714AF8ED100F6BF0D /* FeedbackViewController.m */ = {isa = PBXFileReference; fileEncoding = 4; lastKnownFileType = sourcecode.c.objc; path = FeedbackViewController.m; sourceTree = "<group>"; };
		66CE220914AFD72500F6BF0D /* 18-envelope.png */ = {isa = PBXFileReference; lastKnownFileType = image.png; path = "18-envelope.png"; sourceTree = "<group>"; };
		D0152A1914C29C7100D87C1D /* AudioToolbox.framework */ = {isa = PBXFileReference; lastKnownFileType = wrapper.framework; name = AudioToolbox.framework; path = ../../System/Library/Frameworks/AudioToolbox.framework; sourceTree = "<group>"; };
		D0152A1B14C2A33C00D87C1D /* AVFoundation.framework */ = {isa = PBXFileReference; lastKnownFileType = wrapper.framework; name = AVFoundation.framework; path = System/Library/Frameworks/AVFoundation.framework; sourceTree = SDKROOT; };
		D0F55E4414C3D6FB00A0B425 /* Adam's Rendition of Bach.wav */ = {isa = PBXFileReference; lastKnownFileType = audio.wav; path = "Adam's Rendition of Bach.wav"; sourceTree = "<group>"; };
/* End PBXFileReference section */

/* Begin PBXFrameworksBuildPhase section */
		66C6D36D1491948C003C95DB /* Frameworks */ = {
			isa = PBXFrameworksBuildPhase;
			buildActionMask = 2147483647;
			files = (
				D0152A1C14C2A33C00D87C1D /* AVFoundation.framework in Frameworks */,
				6672721A14B961670017CEDE /* MapKit.framework in Frameworks */,
				66CE220514AF8E3100F6BF0D /* MessageUI.framework in Frameworks */,
				66CBDBB414A4463C004FE748 /* QuartzCore.framework in Frameworks */,
				66CBDBAB149C27E7004FE748 /* libz.dylib in Frameworks */,
				66CBDBA9149C27DA004FE748 /* MobileCoreServices.framework in Frameworks */,
				66CBDBA7149C27CC004FE748 /* SystemConfiguration.framework in Frameworks */,
				66CBDBA5149C27C3004FE748 /* CFNetwork.framework in Frameworks */,
				66C6D3751491948C003C95DB /* UIKit.framework in Frameworks */,
				66C6D3771491948C003C95DB /* Foundation.framework in Frameworks */,
				66C6D3791491948C003C95DB /* CoreGraphics.framework in Frameworks */,
				661D09D714B69CFC00C75B17 /* libTestFlight.a in Frameworks */,
				D0152A1A14C29C7100D87C1D /* AudioToolbox.framework in Frameworks */,
			);
			runOnlyForDeploymentPostprocessing = 0;
		};
/* End PBXFrameworksBuildPhase section */

/* Begin PBXGroup section */
		661D09D214B69CFC00C75B17 /* TestFlightSDK0 */ = {
			isa = PBXGroup;
			children = (
				661D09D314B69CFC00C75B17 /* libTestFlight.a */,
				661D09D414B69CFC00C75B17 /* README.txt */,
				661D09D514B69CFC00C75B17 /* release_notes.txt */,
				661D09D614B69CFC00C75B17 /* TestFlight.h */,
			);
			path = TestFlightSDK0;
			sourceTree = "<group>";
		};
		66C6D3651491948C003C95DB = {
			isa = PBXGroup;
			children = (
				660F36C514C8BEB500666214 /* Black Wood Background.png */,
				660F36C614C8BEB500666214 /* Button Clicked.png */,
				660F36C714C8BEB500666214 /* Button.png */,
				660F36C814C8BEB500666214 /* Center Logo.png */,
				660F36C914C8BEB500666214 /* Header 1.png */,
				660F36CA14C8BEB500666214 /* School Info and Events.png */,
				660F36CB14C8BEB500666214 /* Student Council.png */,
				D0F55E4414C3D6FB00A0B425 /* Adam's Rendition of Bach.wav */,
				D0152A1B14C2A33C00D87C1D /* AVFoundation.framework */,
				6627D19914BA570E00053EF3 /* apple-touch-icon copy 2.png */,
				6627D19614BA56CF00053EF3 /* apple-touch-icon copy.png */,
				6672721914B961670017CEDE /* MapKit.framework */,
				661D09D214B69CFC00C75B17 /* TestFlightSDK0 */,
				661D09D014B683FC00C75B17 /* retinalogo.png */,
				6664557414B260D0009D0E87 /* Entitlements.plist */,
				6664557014AFFC6A009D0E87 /* Default.png */,
				6664556E14AFFC15009D0E87 /* sd45app icon copy.png */,
				66CE220414AF8E3100F6BF0D /* MessageUI.framework */,
				66CBDBB314A4463C004FE748 /* QuartzCore.framework */,
				66CBDBAA149C27E7004FE748 /* libz.dylib */,
				66CBDBA4149C27C3004FE748 /* CFNetwork.framework */,
				66CBDBA8149C27DA004FE748 /* MobileCoreServices.framework */,
				66CBDBA6149C27CB004FE748 /* SystemConfiguration.framework */,
				66CBDB83149C2733004FE748 /* ASIHTTPRequest */,
				66C6D37A1491948C003C95DB /* Sentinel */,
				66C6D3731491948C003C95DB /* Frameworks */,
				66C6D3711491948C003C95DB /* Products */,
			);
			sourceTree = "<group>";
		};
		66C6D3711491948C003C95DB /* Products */ = {
			isa = PBXGroup;
			children = (
				66C6D3701491948C003C95DB /* Sentinel.app */,
			);
			name = Products;
			sourceTree = "<group>";
		};
		66C6D3731491948C003C95DB /* Frameworks */ = {
			isa = PBXGroup;
			children = (
				D0152A1914C29C7100D87C1D /* AudioToolbox.framework */,
				66C6D3741491948C003C95DB /* UIKit.framework */,
				66C6D3761491948C003C95DB /* Foundation.framework */,
				66C6D3781491948C003C95DB /* CoreGraphics.framework */,
			);
			name = Frameworks;
			sourceTree = "<group>";
		};
		66C6D37A1491948C003C95DB /* Sentinel */ = {
			isa = PBXGroup;
			children = (
				66490CEF14CA0B4100F99B89 /* Center Logo-2.png */,
				66490CE414CA031A00F99B89 /* Events-cell.png */,
				66490CE514CA031A00F99B89 /* Home-arrow.png */,
				6612086E14C9F97D003E3863 /* Documents-1.png */,
				6612086F14C9F97D003E3863 /* Documents-2.png */,
				6612087014C9F97D003E3863 /* Documents-3.png */,
				6612087114C9F97D003E3863 /* Documents-4.png */,
				6612087214C9F97D003E3863 /* Documents-5.png */,
				66160AE014C8FD9E009B809C /* rotation.txt */,
				66CBDBB514A44652004FE748 /* PullRefreshTableViewController.h */,
				66CBDBB614A44652004FE748 /* PullRefreshTableViewController.m */,
				66C6D3831491948C003C95DB /* SentinelAppDelegate.h */,
				66C6D3841491948C003C95DB /* SentinelAppDelegate.m */,
				662A7C87149AED4900406F04 /* MBProgressHUD.h */,
				662A7C88149AED4900406F04 /* MBProgressHUD.m */,
				66C6D3861491948C003C95DB /* MainStoryboard.storyboard */,
				660F36D414C8C0C000666214 /* HomePageViewController.h */,
				660F36D514C8C0C000666214 /* HomePageViewController.m */,
				66160AD514C8F771009B809C /* Winter Gym Schedule.png */,
				66160AD614C8F771009B809C /* Important Dates.png */,
				66160AD714C8F771009B809C /* Daily Time Table.png */,
				66160AD814C8F771009B809C /* course book.png */,
				66160AD914C8F771009B809C /* Annual School Calendar.png */,
				6627D19B14BA5C0A00053EF3 /* Location.h */,
				6627D19C14BA5C0A00053EF3 /* Location.m */,
				6672721614B95F420017CEDE /* MapViewController.h */,
				6672721714B95F430017CEDE /* MapViewController.m */,
				661D09CA14B4E2A900C75B17 /* CouncilViewController.h */,
				661D09CB14B4E2A900C75B17 /* CouncilViewController.m */,
				6612087914C9FC69003E3863 /* Document Background.png */,
				6614A81514B9105100091A14 /* CouncilDetailViewController.h */,
				6614A81614B9105100091A14 /* CouncilDetailViewController.m */,
				6614A81714B9105100091A14 /* CouncilDetailViewController.xib */,
				66CE220614AF8ED100F6BF0D /* FeedbackViewController.h */,
				66CE220714AF8ED100F6BF0D /* FeedbackViewController.m */,
				66CE220114AF855700F6BF0D /* WebsiteViewController.h */,
				66CE220214AF855700F6BF0D /* WebsiteViewController.m */,
				6664556614AFF3A1009D0E87 /* WebsiteDetailViewController.h */,
				6664556714AFF3A1009D0E87 /* WebsiteDetailViewController.m */,
				6664556814AFF3A1009D0E87 /* WebsiteDetailViewController.xib */,
				6627D19E14BA605100053EF3 /* Home-Background-Textrured.png */,
				66CE21FD14AF804900F6BF0D /* Logo-SD45App.png */,
				66490CEB14CA083000F99B89 /* Black Wood Background3.png */,
				6627D1A014BA628900053EF3 /* HeaderLogo.png */,
				660F36DC14C8ECFB00666214 /* 33-cabinet.png */,
				6672721414B95EAC0017CEDE /* 07-map-marker.png */,
				6614A80F14B902ED00091A14 /* 53-house.png */,
				66490CE914CA07ED00F99B89 /* Welcome-1.png */,
				661D09CE14B4E44E00C75B17 /* 112-group.png */,
				66CE220914AFD72500F6BF0D /* 18-envelope.png */,
				66CE21FF14AF82A300F6BF0D /* 42-photos.png */,
				66CE21FB14AF7F6800F6BF0D /* 111-user.png */,
				66CE21F114AD3D7600F6BF0D /* 66-microphone.png */,
				66000AAB14E741CC0004F786 /* Logo.png */,
				66000AAC14E741CC0004F786 /* Sentinel Text Logo.png */,
				66490CED14CA08E100F99B89 /* Cell-Color-2.png */,
				66CE21EE14AD3D5100F6BF0D /* 83-calendar.png */,
				66CBDBB1149C2DB1004FE748 /* 179-notepad.png */,
				66C6D38C1491948C003C95DB /* first.png */,
				66C6D38E1491948C003C95DB /* first@2x.png */,
				66C6D3931491948C003C95DB /* second.png */,
				66C6D3951491948C003C95DB /* second@2x.png */,
				66C6D37B1491948C003C95DB /* Supporting Files */,
				66C6D3A2149199D1003C95DB /* EventsViewController.h */,
				66C6D3A3149199D1003C95DB /* EventsViewController.m */,
				66CBDBAC149C2CD1004FE748 /* AnnouncementsViewController.h */,
				66CBDBAD149C2CD1004FE748 /* AnnouncementsViewController.m */,
				66CE21F314AECD0300F6BF0D /* AnnouncementsDetailViewController.h */,
				66CE21F414AECD0300F6BF0D /* AnnouncementsDetailViewController.m */,
				66CE21F514AECD0300F6BF0D /* AnnouncementsDetailViewController.xib */,
				66CBDBB814A446BD004FE748 /* arrow.png */,
				66CBDBC714A45523004FE748 /* EventsDetailViewController.h */,
				66CBDBC814A45523004FE748 /* EventsDetailViewController.m */,
				66CBDBC914A45523004FE748 /* EventsDetailViewController.xib */,
				660F36E114C8EEEA00666214 /* DocumentsViewController.h */,
				660F36E214C8EEEA00666214 /* DocumentsViewController.m */,
			);
			path = Sentinel;
			sourceTree = "<group>";
		};
		66C6D37B1491948C003C95DB /* Supporting Files */ = {
			isa = PBXGroup;
			children = (
				D0152A1414C2981200D87C1D /* assets */,
				66C6D37C1491948C003C95DB /* Sentinel-Info.plist */,
				66C6D37D1491948C003C95DB /* InfoPlist.strings */,
				66C6D3801491948C003C95DB /* main.m */,
				66C6D3821491948C003C95DB /* Sentinel-Prefix.pch */,
			);
			name = "Supporting Files";
			sourceTree = "<group>";
		};
		66CBDB83149C2733004FE748 /* ASIHTTPRequest */ = {
			isa = PBXGroup;
			children = (
				66CBDBA1149C278C004FE748 /* Reachability.h */,
				66CBDBA2149C278C004FE748 /* Reachability.m */,
				66CBDB85149C274B004FE748 /* ASIAuthenticationDialog.h */,
				66CBDB86149C274B004FE748 /* ASIAuthenticationDialog.m */,
				66CBDB87149C274B004FE748 /* ASICacheDelegate.h */,
				66CBDB88149C274B004FE748 /* ASIDataCompressor.h */,
				66CBDB89149C274B004FE748 /* ASIDataCompressor.m */,
				66CBDB8A149C274B004FE748 /* ASIDataDecompressor.h */,
				66CBDB8B149C274B004FE748 /* ASIDataDecompressor.m */,
				66CBDB8C149C274B004FE748 /* ASIDownloadCache.h */,
				66CBDB8D149C274B004FE748 /* ASIDownloadCache.m */,
				66CBDB8E149C274B004FE748 /* ASIFormDataRequest.h */,
				66CBDB8F149C274B004FE748 /* ASIFormDataRequest.m */,
				66CBDB90149C274B004FE748 /* ASIHTTPRequest.h */,
				66CBDB91149C274B004FE748 /* ASIHTTPRequest.m */,
				66CBDB92149C274B004FE748 /* ASIHTTPRequestConfig.h */,
				66CBDB93149C274B004FE748 /* ASIHTTPRequestDelegate.h */,
				66CBDB94149C274B004FE748 /* ASIInputStream.h */,
				66CBDB95149C274B004FE748 /* ASIInputStream.m */,
				66CBDB96149C274B004FE748 /* ASINetworkQueue.h */,
				66CBDB97149C274B004FE748 /* ASINetworkQueue.m */,
				66CBDB98149C274B004FE748 /* ASIProgressDelegate.h */,
			);
			name = ASIHTTPRequest;
			sourceTree = "<group>";
		};
		D0152A1414C2981200D87C1D /* assets */ = {
			isa = PBXGroup;
			children = (
				D0152A1514C2981200D87C1D /* sounds */,
			);
			name = assets;
			path = ../../assets;
			sourceTree = "<group>";
		};
		D0152A1514C2981200D87C1D /* sounds */ = {
			isa = PBXGroup;
			children = (
			);
			path = sounds;
			sourceTree = "<group>";
		};
/* End PBXGroup section */

/* Begin PBXNativeTarget section */
		66C6D36F1491948C003C95DB /* Sentinel */ = {
			isa = PBXNativeTarget;
			buildConfigurationList = 66C6D3991491948C003C95DB /* Build configuration list for PBXNativeTarget "Sentinel" */;
			buildPhases = (
				66C6D36C1491948C003C95DB /* Sources */,
				66C6D36D1491948C003C95DB /* Frameworks */,
				66C6D36E1491948C003C95DB /* Resources */,
			);
			buildRules = (
			);
			dependencies = (
			);
			name = Sentinel;
			productName = Sentinel;
			productReference = 66C6D3701491948C003C95DB /* Sentinel.app */;
			productType = "com.apple.product-type.application";
		};
/* End PBXNativeTarget section */

/* Begin PBXProject section */
		66C6D3671491948C003C95DB /* Project object */ = {
			isa = PBXProject;
			attributes = {
				LastUpgradeCheck = 0420;
				ORGANIZATIONNAME = "Sentinel Secondary School";
			};
			buildConfigurationList = 66C6D36A1491948C003C95DB /* Build configuration list for PBXProject "Sentinel" */;
			compatibilityVersion = "Xcode 3.2";
			developmentRegion = English;
			hasScannedForEncodings = 0;
			knownRegions = (
				en,
			);
			mainGroup = 66C6D3651491948C003C95DB;
			productRefGroup = 66C6D3711491948C003C95DB /* Products */;
			projectDirPath = "";
			projectRoot = "";
			targets = (
				66C6D36F1491948C003C95DB /* Sentinel */,
			);
		};
/* End PBXProject section */

/* Begin PBXResourcesBuildPhase section */
		66C6D36E1491948C003C95DB /* Resources */ = {
			isa = PBXResourcesBuildPhase;
			buildActionMask = 2147483647;
			files = (
				66C6D37F1491948C003C95DB /* InfoPlist.strings in Resources */,
				66C6D3881491948C003C95DB /* MainStoryboard.storyboard in Resources */,
				66C6D38D1491948C003C95DB /* first.png in Resources */,
				66C6D38F1491948C003C95DB /* first@2x.png in Resources */,
				66C6D3941491948C003C95DB /* second.png in Resources */,
				66C6D3961491948C003C95DB /* second@2x.png in Resources */,
				66CBDBB2149C2DB1004FE748 /* 179-notepad.png in Resources */,
				66CBDBB914A446BD004FE748 /* arrow.png in Resources */,
				66CBDBCB14A45523004FE748 /* EventsDetailViewController.xib in Resources */,
				66CE21EF14AD3D5100F6BF0D /* 83-calendar.png in Resources */,
				66CE21F214AD3D7600F6BF0D /* 66-microphone.png in Resources */,
				66CE21F714AECD0300F6BF0D /* AnnouncementsDetailViewController.xib in Resources */,
				66CE21FC14AF7F6800F6BF0D /* 111-user.png in Resources */,
				66CE21FE14AF804900F6BF0D /* Logo-SD45App.png in Resources */,
				66CE220014AF82A300F6BF0D /* 42-photos.png in Resources */,
				66CE220A14AFD72500F6BF0D /* 18-envelope.png in Resources */,
				6664556A14AFF3A1009D0E87 /* WebsiteDetailViewController.xib in Resources */,
				6664556F14AFFC15009D0E87 /* sd45app icon copy.png in Resources */,
				6664557114AFFC6A009D0E87 /* Default.png in Resources */,
				6664557514B260D0009D0E87 /* Entitlements.plist in Resources */,
				661D09CF14B4E44E00C75B17 /* 112-group.png in Resources */,
				661D09D114B683FC00C75B17 /* retinalogo.png in Resources */,
				661D09D814B69CFC00C75B17 /* README.txt in Resources */,
				661D09D914B69CFC00C75B17 /* release_notes.txt in Resources */,
				6614A81014B902ED00091A14 /* 53-house.png in Resources */,
				6614A81914B9105100091A14 /* CouncilDetailViewController.xib in Resources */,
				6672721514B95EAC0017CEDE /* 07-map-marker.png in Resources */,
				6627D19714BA56CF00053EF3 /* apple-touch-icon copy.png in Resources */,
				6627D19A14BA570E00053EF3 /* apple-touch-icon copy 2.png in Resources */,
				6627D19F14BA605100053EF3 /* Home-Background-Textrured.png in Resources */,
				6627D1A114BA628900053EF3 /* HeaderLogo.png in Resources */,
				D0F55E4514C3D6FB00A0B425 /* Adam's Rendition of Bach.wav in Resources */,
				660F36CC14C8BEB600666214 /* Black Wood Background.png in Resources */,
				660F36CD14C8BEB600666214 /* Button Clicked.png in Resources */,
				660F36CE14C8BEB600666214 /* Button.png in Resources */,
				660F36CF14C8BEB600666214 /* Center Logo.png in Resources */,
				660F36D014C8BEB600666214 /* Header 1.png in Resources */,
				660F36D114C8BEB600666214 /* School Info and Events.png in Resources */,
				660F36D214C8BEB600666214 /* Student Council.png in Resources */,
				660F36DD14C8ECFB00666214 /* 33-cabinet.png in Resources */,
				66160ADA14C8F771009B809C /* Winter Gym Schedule.png in Resources */,
				66160ADB14C8F771009B809C /* Important Dates.png in Resources */,
				66160ADC14C8F771009B809C /* Daily Time Table.png in Resources */,
				66160ADD14C8F771009B809C /* course book.png in Resources */,
				66160ADE14C8F771009B809C /* Annual School Calendar.png in Resources */,
				6612087314C9F97D003E3863 /* Documents-1.png in Resources */,
				6612087414C9F97D003E3863 /* Documents-2.png in Resources */,
				6612087514C9F97D003E3863 /* Documents-3.png in Resources */,
				6612087614C9F97D003E3863 /* Documents-4.png in Resources */,
				6612087714C9F97D003E3863 /* Documents-5.png in Resources */,
				6612087A14C9FC69003E3863 /* Document Background.png in Resources */,
				66490CE614CA031A00F99B89 /* Events-cell.png in Resources */,
				66490CE714CA031A00F99B89 /* Home-arrow.png in Resources */,
				66490CEA14CA07ED00F99B89 /* Welcome-1.png in Resources */,
				66490CEC14CA083000F99B89 /* Black Wood Background3.png in Resources */,
				66490CEE14CA08E100F99B89 /* Cell-Color-2.png in Resources */,
				66490CF014CA0B4100F99B89 /* Center Logo-2.png in Resources */,
				66000AAD14E741CC0004F786 /* Logo.png in Resources */,
				66000AAE14E741CC0004F786 /* Sentinel Text Logo.png in Resources */,
			);
			runOnlyForDeploymentPostprocessing = 0;
		};
/* End PBXResourcesBuildPhase section */

/* Begin PBXSourcesBuildPhase section */
		66C6D36C1491948C003C95DB /* Sources */ = {
			isa = PBXSourcesBuildPhase;
			buildActionMask = 2147483647;
			files = (
				66C6D3811491948C003C95DB /* main.m in Sources */,
				66C6D3851491948C003C95DB /* SentinelAppDelegate.m in Sources */,
				66C6D3A4149199D1003C95DB /* EventsViewController.m in Sources */,
				662A7C89149AED4900406F04 /* MBProgressHUD.m in Sources */,
				66CBDB99149C274B004FE748 /* ASIAuthenticationDialog.m in Sources */,
				66CBDB9A149C274B004FE748 /* ASIDataCompressor.m in Sources */,
				66CBDB9B149C274B004FE748 /* ASIDataDecompressor.m in Sources */,
				66CBDB9C149C274B004FE748 /* ASIDownloadCache.m in Sources */,
				66CBDB9D149C274B004FE748 /* ASIFormDataRequest.m in Sources */,
				66CBDB9E149C274B004FE748 /* ASIHTTPRequest.m in Sources */,
				66CBDB9F149C274B004FE748 /* ASIInputStream.m in Sources */,
				66CBDBA0149C274B004FE748 /* ASINetworkQueue.m in Sources */,
				66CBDBA3149C278C004FE748 /* Reachability.m in Sources */,
				66CBDBAE149C2CD2004FE748 /* AnnouncementsViewController.m in Sources */,
				66CBDBB714A44652004FE748 /* PullRefreshTableViewController.m in Sources */,
				66CBDBCA14A45523004FE748 /* EventsDetailViewController.m in Sources */,
				66CE21F614AECD0300F6BF0D /* AnnouncementsDetailViewController.m in Sources */,
				66CE220314AF855700F6BF0D /* WebsiteViewController.m in Sources */,
				66CE220814AF8ED100F6BF0D /* FeedbackViewController.m in Sources */,
				6664556914AFF3A1009D0E87 /* WebsiteDetailViewController.m in Sources */,
				661D09CC14B4E2A900C75B17 /* CouncilViewController.m in Sources */,
				6614A81814B9105100091A14 /* CouncilDetailViewController.m in Sources */,
				6672721814B95F430017CEDE /* MapViewController.m in Sources */,
				6627D19D14BA5C0A00053EF3 /* Location.m in Sources */,
				660F36D614C8C0C000666214 /* HomePageViewController.m in Sources */,
				660F36E314C8EEEA00666214 /* DocumentsViewController.m in Sources */,
			);
			runOnlyForDeploymentPostprocessing = 0;
		};
/* End PBXSourcesBuildPhase section */

/* Begin PBXVariantGroup section */
		66C6D37D1491948C003C95DB /* InfoPlist.strings */ = {
			isa = PBXVariantGroup;
			children = (
				66C6D37E1491948C003C95DB /* en */,
			);
			name = InfoPlist.strings;
			sourceTree = "<group>";
		};
		66C6D3861491948C003C95DB /* MainStoryboard.storyboard */ = {
			isa = PBXVariantGroup;
			children = (
				66C6D3871491948C003C95DB /* en */,
			);
			name = MainStoryboard.storyboard;
			sourceTree = "<group>";
		};
/* End PBXVariantGroup section */

/* Begin XCBuildConfiguration section */
		6664557214B25ECF009D0E87 /* Distribution */ = {
			isa = XCBuildConfiguration;
			buildSettings = {
				ALWAYS_SEARCH_USER_PATHS = NO;
				ARCHS = "$(ARCHS_STANDARD_32_BIT)";
				CLANG_ENABLE_OBJC_ARC = YES;
				CODE_SIGN_ENTITLEMENTS = Entitlements.plist;
				CODE_SIGN_IDENTITY = "iPhone Distribution: SD45 APP DEVELOPMENT TEAM";
				"CODE_SIGN_IDENTITY[sdk=iphoneos*]" = "iPhone Developer";
				COPY_PHASE_STRIP = YES;
				GCC_C_LANGUAGE_STANDARD = gnu99;
				GCC_VERSION = com.apple.compilers.llvm.clang.1_0;
				GCC_WARN_ABOUT_MISSING_PROTOTYPES = YES;
				GCC_WARN_ABOUT_RETURN_TYPE = YES;
				GCC_WARN_UNUSED_VARIABLE = YES;
				IPHONEOS_DEPLOYMENT_TARGET = 5.0;
				OTHER_CFLAGS = "-DNS_BLOCK_ASSERTIONS=1";
				PROVISIONING_PROFILE = "EFA10185-2442-4DA9-B716-A279A4498356";
				SDKROOT = iphoneos;
				VALIDATE_PRODUCT = YES;
			};
			name = Distribution;
		};
		6664557314B25ECF009D0E87 /* Distribution */ = {
			isa = XCBuildConfiguration;
			buildSettings = {
				CODE_SIGN_ENTITLEMENTS = Entitlements.plist;
				CODE_SIGN_IDENTITY = "iPhone Distribution";
				GCC_PRECOMPILE_PREFIX_HEADER = YES;
				GCC_PREFIX_HEADER = "Sentinel/Sentinel-Prefix.pch";
				INFOPLIST_FILE = "Sentinel/Sentinel-Info.plist";
				LIBRARY_SEARCH_PATHS = (
					"$(inherited)",
					"\"$(SRCROOT)/TestFlightSDK0\"",
				);
				PRODUCT_NAME = "$(TARGET_NAME)";
				PROVISIONING_PROFILE = "";
				WRAPPER_EXTENSION = app;
			};
			name = Distribution;
		};
		66C6D3971491948C003C95DB /* Debug */ = {
			isa = XCBuildConfiguration;
			buildSettings = {
				ALWAYS_SEARCH_USER_PATHS = NO;
				ARCHS = "$(ARCHS_STANDARD_32_BIT)";
				CLANG_ENABLE_OBJC_ARC = YES;
				CODE_SIGN_ENTITLEMENTS = Entitlements.plist;
				CODE_SIGN_IDENTITY = "iPhone Distribution: SD45 APP DEVELOPMENT TEAM";
				"CODE_SIGN_IDENTITY[sdk=iphoneos*]" = "iPhone Developer";
				COPY_PHASE_STRIP = NO;
				GCC_C_LANGUAGE_STANDARD = gnu99;
				GCC_DYNAMIC_NO_PIC = NO;
				GCC_OPTIMIZATION_LEVEL = 0;
				GCC_PREPROCESSOR_DEFINITIONS = (
					"DEBUG=1",
					"$(inherited)",
				);
				GCC_SYMBOLS_PRIVATE_EXTERN = NO;
				GCC_VERSION = com.apple.compilers.llvm.clang.1_0;
				GCC_WARN_ABOUT_MISSING_PROTOTYPES = YES;
				GCC_WARN_ABOUT_RETURN_TYPE = YES;
				GCC_WARN_UNUSED_VARIABLE = YES;
				IPHONEOS_DEPLOYMENT_TARGET = 5.0;
				PROVISIONING_PROFILE = "EFA10185-2442-4DA9-B716-A279A4498356";
				SDKROOT = iphoneos;
			};
			name = Debug;
		};
		66C6D3981491948C003C95DB /* Release */ = {
			isa = XCBuildConfiguration;
			buildSettings = {
				ALWAYS_SEARCH_USER_PATHS = NO;
				ARCHS = "$(ARCHS_STANDARD_32_BIT)";
				CLANG_ENABLE_OBJC_ARC = YES;
				CODE_SIGN_ENTITLEMENTS = Entitlements.plist;
				CODE_SIGN_IDENTITY = "iPhone Distribution: SD45 APP DEVELOPMENT TEAM";
				"CODE_SIGN_IDENTITY[sdk=iphoneos*]" = "iPhone Developer";
				COPY_PHASE_STRIP = NO;
				GCC_C_LANGUAGE_STANDARD = gnu99;
				GCC_VERSION = com.apple.compilers.llvm.clang.1_0;
				GCC_WARN_ABOUT_MISSING_PROTOTYPES = YES;
				GCC_WARN_ABOUT_RETURN_TYPE = YES;
				GCC_WARN_UNUSED_VARIABLE = YES;
				IPHONEOS_DEPLOYMENT_TARGET = 5.0;
				OTHER_CFLAGS = "-DNS_BLOCK_ASSERTIONS=1";
				PROVISIONING_PROFILE = "EFA10185-2442-4DA9-B716-A279A4498356";
				SDKROOT = iphoneos;
				VALIDATE_PRODUCT = YES;
			};
			name = Release;
		};
		66C6D39A1491948C003C95DB /* Debug */ = {
			isa = XCBuildConfiguration;
			buildSettings = {
				CODE_SIGN_ENTITLEMENTS = Entitlements.plist;
				CODE_SIGN_IDENTITY = "iPhone Distribution";
				GCC_PRECOMPILE_PREFIX_HEADER = YES;
				GCC_PREFIX_HEADER = "Sentinel/Sentinel-Prefix.pch";
				INFOPLIST_FILE = "Sentinel/Sentinel-Info.plist";
				LIBRARY_SEARCH_PATHS = (
					"$(inherited)",
					"\"$(SRCROOT)/TestFlightSDK0\"",
				);
				PRODUCT_NAME = "$(TARGET_NAME)";
				PROVISIONING_PROFILE = "";
				WRAPPER_EXTENSION = app;
			};
			name = Debug;
		};
		66C6D39B1491948C003C95DB /* Release */ = {
			isa = XCBuildConfiguration;
			buildSettings = {
				CODE_SIGN_ENTITLEMENTS = Entitlements.plist;
				CODE_SIGN_IDENTITY = "iPhone Distribution";
				GCC_PRECOMPILE_PREFIX_HEADER = YES;
				GCC_PREFIX_HEADER = "Sentinel/Sentinel-Prefix.pch";
				INFOPLIST_FILE = "Sentinel/Sentinel-Info.plist";
				LIBRARY_SEARCH_PATHS = (
					"$(inherited)",
					"\"$(SRCROOT)/TestFlightSDK0\"",
				);
				PRODUCT_NAME = "$(TARGET_NAME)";
				PROVISIONING_PROFILE = "";
				WRAPPER_EXTENSION = app;
			};
			name = Release;
		};
/* End XCBuildConfiguration section */

/* Begin XCConfigurationList section */
		66C6D36A1491948C003C95DB /* Build configuration list for PBXProject "Sentinel" */ = {
			isa = XCConfigurationList;
			buildConfigurations = (
				66C6D3971491948C003C95DB /* Debug */,
				66C6D3981491948C003C95DB /* Release */,
				6664557214B25ECF009D0E87 /* Distribution */,
			);
			defaultConfigurationIsVisible = 0;
			defaultConfigurationName = Release;
		};
		66C6D3991491948C003C95DB /* Build configuration list for PBXNativeTarget "Sentinel" */ = {
			isa = XCConfigurationList;
			buildConfigurations = (
				66C6D39A1491948C003C95DB /* Debug */,
				66C6D39B1491948C003C95DB /* Release */,
				6664557314B25ECF009D0E87 /* Distribution */,
			);
			defaultConfigurationIsVisible = 0;
			defaultConfigurationName = Release;
		};
/* End XCConfigurationList section */
	};
	rootObject = 66C6D3671491948C003C95DB /* Project object */;
}
